<?xml version="1.0" encoding="utf-8"?>
<Project ToolsVersion="4.0" xmlns="http://schemas.microsoft.com/developer/msbuild/2003">
  <ItemGroup>
    <Filter Include="Root">
      <UniqueIdentifier>{4FC737F1-C7A5-4376-A066-2A32D752A2FF}</UniqueIdentifier>
      <Extensions>cpp;c;cc;cxx;def;odl;idl;hpj;bat;asm;asmx</Extensions>
    </Filter>
    <Filter Include="Root\External">
      <UniqueIdentifier>{ef2b2bff-c458-4fd2-9a87-cdcb370358f6}</UniqueIdentifier>
    </Filter>
    <Filter Include="Root\External\Imgui">
      <UniqueIdentifier>{8120acbe-27f7-47b9-b72a-92f6af222ff9}</UniqueIdentifier>
    </Filter>
    <Filter Include="Root\External\GLAD">
      <UniqueIdentifier>{5cbe879f-b70e-4335-acb5-06b3c6ddf103}</UniqueIdentifier>
    </Filter>
    <Filter Include="Root\Collision">
      <UniqueIdentifier>{d85b6650-5ac6-45ef-b8ec-07a2ebc9301b}</UniqueIdentifier>
    </Filter>
    <Filter Include="Root\Editor">
      <UniqueIdentifier>{6ec86d2a-0349-4633-a789-6aff1120f4d2}</UniqueIdentifier>
    </Filter>
    <Filter Include="Root\ECS">
      <UniqueIdentifier>{6b8aa023-12b5-4dcb-9885-f7f023bdba66}</UniqueIdentifier>
    </Filter>
    <Filter Include="Root\External\STB">
      <UniqueIdentifier>{e1dcd01b-48f1-4c57-9589-c053ce847a47}</UniqueIdentifier>
    </Filter>
  </ItemGroup>
  <ItemGroup>
    <ClCompile Include="..\..\src\main.cpp">
      <Filter>Root</Filter>
    </ClCompile>
    <ClCompile Include="..\..\src\math.cpp">
      <Filter>Root</Filter>
    </ClCompile>
    <ClCompile Include="..\..\src\platform.cpp">
      <Filter>Root</Filter>
    </ClCompile>
    <ClCompile Include="..\..\src\External\textparser.cpp">
      <Filter>Root\External</Filter>
    </ClCompile>
    <ClCompile Include="..\..\src\External\tinyxml2.cpp">
      <Filter>Root\External</Filter>
    </ClCompile>
    <ClCompile Include="..\..\src\External\imgui\imgui.cpp">
      <Filter>Root\External\Imgui</Filter>
    </ClCompile>
    <ClCompile Include="..\..\src\External\imgui\imgui_demo.cpp">
      <Filter>Root\External\Imgui</Filter>
    </ClCompile>
    <ClCompile Include="..\..\src\External\imgui\imgui_draw.cpp">
      <Filter>Root\External\Imgui</Filter>
    </ClCompile>
    <ClCompile Include="..\..\src\External\imgui\imgui_widgets.cpp">
      <Filter>Root\External\Imgui</Filter>
    </ClCompile>
    <ClCompile Include="..\..\src\External\imgui\imgui_impl_sdl.cpp">
      <Filter>Root\External\Imgui</Filter>
    </ClCompile>
    <ClCompile Include="..\..\src\External\imgui\imgui_impl_opengl2.cpp">
      <Filter>Root\External\Imgui</Filter>
    </ClCompile>
    <ClCompile Include="..\..\src\game.cpp">
      <Filter>Root</Filter>
    </ClCompile>
    <ClCompile Include="..\..\src\imguiLayer.cpp">
      <Filter>Root</Filter>
    </ClCompile>
    <ClCompile Include="..\..\src\skinned_mesh.cpp">
      <Filter>Root</Filter>
    </ClCompile>
    <ClCompile Include="..\..\src\mesh.cpp">
      <Filter>Root</Filter>
    </ClCompile>
    <ClCompile Include="..\..\src\utils.cpp">
      <Filter>Root</Filter>
    </ClCompile>
    <ClCompile Include="..\..\src\mesh_loaders.cpp">
      <Filter>Root</Filter>
    </ClCompile>
    <ClCompile Include="..\..\src\2d_animation.cpp">
      <Filter>Root</Filter>
    </ClCompile>
    <ClCompile Include="..\..\src\shader.cpp">
      <Filter>Root</Filter>
    </ClCompile>
    <ClCompile Include="..\..\src\Collision\collider.cpp">
      <Filter>Root\Collision</Filter>
    </ClCompile>
    <ClCompile Include="..\..\src\Editor\editor.cpp">
      <Filter>Root\Editor</Filter>
    </ClCompile>
    <ClCompile Include="..\..\src\ECS\entity_manager.cpp">
      <Filter>Root\ECS</Filter>
    </ClCompile>
    <ClCompile Include="..\..\src\pool.cpp">
      <Filter>Root</Filter>
    </ClCompile>
    <ClCompile Include="..\..\src\External\GLAD\src\glad.c">
      <Filter>Root\External\GLAD</Filter>
    </ClCompile>
    <ClCompile Include="..\..\src\ECS\system_manager.cpp">
      <Filter>Root\ECS</Filter>
    </ClCompile>
    <ClCompile Include="..\..\src\texture.cpp">
      <Filter>Root</Filter>
    </ClCompile>
    <ClCompile Include="..\..\src\resource_manager.cpp">
      <Filter>Root</Filter>
    </ClCompile>
  </ItemGroup>
  <ItemGroup>
    <ClInclude Include="..\..\src\math.h">
      <Filter>Root</Filter>
    </ClInclude>
    <ClInclude Include="..\..\src\mathTests.h">
      <Filter>Root</Filter>
    </ClInclude>
    <ClInclude Include="..\..\src\opengl_defines.h">
      <Filter>Root</Filter>
    </ClInclude>
    <ClInclude Include="..\..\src\shader.h">
      <Filter>Root</Filter>
    </ClInclude>
    <ClInclude Include="..\..\src\game.h">
      <Filter>Root</Filter>
    </ClInclude>
    <ClInclude Include="..\..\src\texture.h">
      <Filter>Root</Filter>
    </ClInclude>
    <ClInclude Include="..\..\src\platform.h">
      <Filter>Root</Filter>
    </ClInclude>
    <ClInclude Include="..\..\src\mesh.h">
      <Filter>Root</Filter>
    </ClInclude>
    <ClInclude Include="..\..\src\camera.h">
      <Filter>Root</Filter>
    </ClInclude>
    <ClInclude Include="..\..\src\External\textparser.h">
      <Filter>Root\External</Filter>
    </ClInclude>
    <ClInclude Include="..\..\src\External\tinyxml2.h">
      <Filter>Root\External</Filter>
    </ClInclude>
    <ClInclude Include="..\..\src\utils.h">
      <Filter>Root</Filter>
    </ClInclude>
    <ClInclude Include="..\..\src\External\imgui\imconfig.h">
      <Filter>Root\External\Imgui</Filter>
    </ClInclude>
    <ClInclude Include="..\..\src\External\imgui\imgui.h">
      <Filter>Root\External\Imgui</Filter>
    </ClInclude>
    <ClInclude Include="..\..\src\External\imgui\imgui_internal.h">
      <Filter>Root\External\Imgui</Filter>
    </ClInclude>
    <ClInclude Include="..\..\src\External\imgui\imstb_rectpack.h">
      <Filter>Root\External\Imgui</Filter>
    </ClInclude>
    <ClInclude Include="..\..\src\External\imgui\imstb_textedit.h">
      <Filter>Root\External\Imgui</Filter>
    </ClInclude>
    <ClInclude Include="..\..\src\External\imgui\imstb_truetype.h">
      <Filter>Root\External\Imgui</Filter>
    </ClInclude>
    <ClInclude Include="..\..\src\External\imgui\imgui_impl_opengl2.h">
      <Filter>Root\External\Imgui</Filter>
    </ClInclude>
    <ClInclude Include="..\..\src\External\imgui\imgui_impl_sdl.h">
      <Filter>Root\External\Imgui</Filter>
    </ClInclude>
    <ClInclude Include="..\..\src\imguiLayer.h">
      <Filter>Root</Filter>
    </ClInclude>
    <ClInclude Include="..\..\src\skinned_mesh.h">
      <Filter>Root</Filter>
    </ClInclude>
    <ClInclude Include="..\..\src\mesh_loaders.h">
      <Filter>Root</Filter>
    </ClInclude>
    <ClInclude Include="..\..\src\debug.h">
      <Filter>Root</Filter>
    </ClInclude>
    <ClInclude Include="..\..\src\2d_animation.h">
      <Filter>Root</Filter>
    </ClInclude>
    <ClInclude Include="..\..\src\3d_animation.h">
      <Filter>Root</Filter>
    </ClInclude>
    <ClInclude Include="..\..\src\Collision\collider.h">
      <Filter>Root\Collision</Filter>
    </ClInclude>
    <ClInclude Include="..\..\src\Editor\editor.h">
      <Filter>Root\Editor</Filter>
    </ClInclude>
    <ClInclude Include="..\..\src\ECS\entity_manager.h">
      <Filter>Root\ECS</Filter>
    </ClInclude>
    <ClInclude Include="..\..\src\pool.h">
      <Filter>Root</Filter>
    </ClInclude>
    <ClInclude Include="..\..\src\External\GLAD\include\glad\glad.h">
      <Filter>Root\External\GLAD</Filter>
    </ClInclude>
    <ClInclude Include="..\..\src\External\GLAD\include\KHR\khrplatform.h">
      <Filter>Root\External\GLAD</Filter>
    </ClInclude>
    <ClInclude Include="..\..\src\sprite_sheet.h">
      <Filter>Root</Filter>
    </ClInclude>
    <ClInclude Include="..\..\src\ECS\system_manager.h">
      <Filter>Root\ECS</Filter>
    </ClInclude>
    <ClInclude Include="..\..\src\resource_manager.h">
      <Filter>Root</Filter>
    </ClInclude>
    <ClInclude Include="..\..\src\External\STB\stb_easy_font.h">
      <Filter>Root\External\STB</Filter>
    </ClInclude>
    <ClInclude Include="..\..\src\External\STB\stb_image.h">
      <Filter>Root\External\STB</Filter>
    </ClInclude>
    <ClInclude Include="..\..\src\External\STB\stb_vorbis.h">
      <Filter>Root\External\STB</Filter>
    </ClInclude>
  </ItemGroup>
</Project>